// !$*UTF8*$!
{
	archiveVersion = 1;
	classes = {
	};
	objectVersion = 50;
	objects = {

/* Begin PBXBuildFile section */
		96DD2BD12136713E00CBED28 /* AppDelegate.m in Sources */ = {isa = PBXBuildFile; fileRef = 96DD2BD02136713E00CBED28 /* AppDelegate.m */; };
		96DD2BD42136713E00CBED28 /* ViewController.m in Sources */ = {isa = PBXBuildFile; fileRef = 96DD2BD32136713E00CBED28 /* ViewController.m */; };
		96DD2BD72136713E00CBED28 /* Main.storyboard in Resources */ = {isa = PBXBuildFile; fileRef = 96DD2BD52136713E00CBED28 /* Main.storyboard */; };
		96DD2BDA2136713E00CBED28 /* alex_h_Example.xcdatamodeld in Sources */ = {isa = PBXBuildFile; fileRef = 96DD2BD82136713E00CBED28 /* alex_h_Example.xcdatamodeld */; };
		96DD2BDC2136713F00CBED28 /* Assets.xcassets in Resources */ = {isa = PBXBuildFile; fileRef = 96DD2BDB2136713F00CBED28 /* Assets.xcassets */; };
		96DD2BDF2136713F00CBED28 /* LaunchScreen.storyboard in Resources */ = {isa = PBXBuildFile; fileRef = 96DD2BDD2136713F00CBED28 /* LaunchScreen.storyboard */; };
		96DD2BE22136713F00CBED28 /* main.m in Sources */ = {isa = PBXBuildFile; fileRef = 96DD2BE12136713F00CBED28 /* main.m */; };
/* End PBXBuildFile section */

/* Begin PBXFileReference section */
		96DD2BCC2136713E00CBED28 /* alex_h_Example.app */ = {isa = PBXFileReference; explicitFileType = wrapper.application; includeInIndex = 0; path = alex_h_Example.app; sourceTree = BUILT_PRODUCTS_DIR; };
		96DD2BCF2136713E00CBED28 /* AppDelegate.h */ = {isa = PBXFileReference; lastKnownFileType = sourcecode.c.h; path = AppDelegate.h; sourceTree = "<group>"; };
		96DD2BD02136713E00CBED28 /* AppDelegate.m */ = {isa = PBXFileReference; lastKnownFileType = sourcecode.c.objc; path = AppDelegate.m; sourceTree = "<group>"; };
		96DD2BD22136713E00CBED28 /* ViewController.h */ = {isa = PBXFileReference; lastKnownFileType = sourcecode.c.h; path = ViewController.h; sourceTree = "<group>"; };
		96DD2BD32136713E00CBED28 /* ViewController.m */ = {isa = PBXFileReference; lastKnownFileType = sourcecode.c.objc; path = ViewController.m; sourceTree = "<group>"; };
		96DD2BD62136713E00CBED28 /* Base */ = {isa = PBXFileReference; lastKnownFileType = file.storyboard; name = Base; path = Base.lproj/Main.storyboard; sourceTree = "<group>"; };
		96DD2BD92136713E00CBED28 /* alex_h_Example.xcdatamodel */ = {isa = PBXFileReference; lastKnownFileType = wrapper.xcdatamodel; path = alex_h_Example.xcdatamodel; sourceTree = "<group>"; };
		96DD2BDB2136713F00CBED28 /* Assets.xcassets */ = {isa = PBXFileReference; lastKnownFileType = folder.assetcatalog; path = Assets.xcassets; sourceTree = "<group>"; };
		96DD2BDE2136713F00CBED28 /* Base */ = {isa = PBXFileReference; lastKnownFileType = file.storyboard; name = Base; path = Base.lproj/LaunchScreen.storyboard; sourceTree = "<group>"; };
		96DD2BE02136713F00CBED28 /* Info.plist */ = {isa = PBXFileReference; lastKnownFileType = text.plist.xml; path = Info.plist; sourceTree = "<group>"; };
		96DD2BE12136713F00CBED28 /* main.m */ = {isa = PBXFileReference; lastKnownFileType = sourcecode.c.objc; path = main.m; sourceTree = "<group>"; };
/* End PBXFileReference section */

/* Begin PBXFrameworksBuildPhase section */
		96DD2BC92136713E00CBED28 /* Frameworks */ = {
			isa = PBXFrameworksBuildPhase;
			buildActionMask = 2147483647;
			files = (
			);
			runOnlyForDeploymentPostprocessing = 0;
		};
/* End PBXFrameworksBuildPhase section */

/* Begin PBXGroup section */
		96DD2BC32136713E00CBED28 = {
			isa = PBXGroup;
			children = (
				96DD2BCE2136713E00CBED28 /* alex_h_Example */,
				96DD2BCD2136713E00CBED28 /* Products */,
			);
			sourceTree = "<group>";
		};
		96DD2BCD2136713E00CBED28 /* Products */ = {
			isa = PBXGroup;
			children = (
				96DD2BCC2136713E00CBED28 /* alex_h_Example.app */,
			);
			name = Products;
			sourceTree = "<group>";
		};
		96DD2BCE2136713E00CBED28 /* alex_h_Example */ = {
			isa = PBXGroup;
			children = (
				96DD2BCF2136713E00CBED28 /* AppDelegate.h */,
				96DD2BD02136713E00CBED28 /* AppDelegate.m */,
				96DD2BD22136713E00CBED28 /* ViewController.h */,
				96DD2BD32136713E00CBED28 /* ViewController.m */,
				96DD2BD52136713E00CBED28 /* Main.storyboard */,
				96DD2BDB2136713F00CBED28 /* Assets.xcassets */,
				96DD2BDD2136713F00CBED28 /* LaunchScreen.storyboard */,
				96DD2BE02136713F00CBED28 /* Info.plist */,
				96DD2BE12136713F00CBED28 /* main.m */,
				96DD2BD82136713E00CBED28 /* alex_h_Example.xcdatamodeld */,
			);
			path = alex_h_Example;
			sourceTree = "<group>";
		};
/* End PBXGroup section */

/* Begin PBXNativeTarget section */
		96DD2BCB2136713E00CBED28 /* alex_h_Example */ = {
			isa = PBXNativeTarget;
			buildConfigurationList = 96DD2BE52136713F00CBED28 /* Build configuration list for PBXNativeTarget "alex_h_Example" */;
			buildPhases = (
				96DD2BC82136713E00CBED28 /* Sources */,
				96DD2BC92136713E00CBED28 /* Frameworks */,
				96DD2BCA2136713E00CBED28 /* Resources */,
			);
			buildRules = (
			);
			dependencies = (
			);
			name = alex_h_Example;
			productName = alex_h_Example;
			productReference = 96DD2BCC2136713E00CBED28 /* alex_h_Example.app */;
			productType = "com.apple.product-type.application";
		};
/* End PBXNativeTarget section */

/* Begin PBXProject section */
		96DD2BC42136713E00CBED28 /* Project object */ = {
			isa = PBXProject;
			attributes = {
				LastUpgradeCheck = 0940;
				ORGANIZATIONNAME = alex_h;
				TargetAttributes = {
					96DD2BCB2136713E00CBED28 = {
						CreatedOnToolsVersion = 9.4.1;
					};
				};
			};
			buildConfigurationList = 96DD2BC72136713E00CBED28 /* Build configuration list for PBXProject "alex_h_Example" */;
			compatibilityVersion = "Xcode 9.3";
			developmentRegion = en;
			hasScannedForEncodings = 0;
			knownRegions = (
				en,
				Base,
			);
			mainGroup = 96DD2BC32136713E00CBED28;
			productRefGroup = 96DD2BCD2136713E00CBED28 /* Products */;
			projectDirPath = "";
			projectRoot = "";
			targets = (
				96DD2BCB2136713E00CBED28 /* alex_h_Example */,
			);
		};
/* End PBXProject section */

/* Begin PBXResourcesBuildPhase section */
		96DD2BCA2136713E00CBED28 /* Resources */ = {
			isa = PBXResourcesBuildPhase;
			buildActionMask = 2147483647;
			files = (
				96DD2BDF2136713F00CBED28 /* LaunchScreen.storyboard in Resources */,
				96DD2BDC2136713F00CBED28 /* Assets.xcassets in Resources */,
				96DD2BD72136713E00CBED28 /* Main.storyboard in Resources */,
			);
			runOnlyForDeploymentPostprocessing = 0;
		};
/* End PBXResourcesBuildPhase section */

/* Begin PBXSourcesBuildPhase section */
		96DD2BC82136713E00CBED28 /* Sources */ = {
			isa = PBXSourcesBuildPhase;
			buildActionMask = 2147483647;
			files = (
				96DD2BD42136713E00CBED28 /* ViewController.m in Sources */,
				96DD2BDA2136713E00CBED28 /* alex_h_Example.xcdatamodeld in Sources */,
				96DD2BE22136713F00CBED28 /* main.m in Sources */,
				96DD2BD12136713E00CBED28 /* AppDelegate.m in Sources */,
			);
			runOnlyForDeploymentPostprocessing = 0;
		};
/* End PBXSourcesBuildPhase section */

/* Begin PBXVariantGroup section */
		96DD2BD52136713E00CBED28 /* Main.storyboard */ = {
			isa = PBXVariantGroup;
			children = (
				96DD2BD62136713E00CBED28 /* Base */,
			);
			name = Main.storyboard;
			sourceTree = "<group>";
		};
		96DD2BDD2136713F00CBED28 /* LaunchScreen.storyboard */ = {
			isa = PBXVariantGroup;
			children = (
				96DD2BDE2136713F00CBED28 /* Base */,
			);
			name = LaunchScreen.storyboard;
			sourceTree = "<group>";
		};
/* End PBXVariantGroup section */

/* Begin XCBuildConfiguration section */
		96DD2BE32136713F00CBED28 /* Debug */ = {
			isa = XCBuildConfiguration;
			buildSettings = {
				ALWAYS_SEARCH_USER_PATHS = NO;
				CLANG_ANALYZER_NONNULL = YES;
				CLANG_ANALYZER_NUMBER_OBJECT_CONVERSION = YES_AGGRESSIVE;
				CLANG_CXX_LANGUAGE_STANDARD = "gnu++14";
				CLANG_CXX_LIBRARY = "libc++";
				CLANG_ENABLE_MODULES = YES;
				CLANG_ENABLE_OBJC_ARC = YES;
				CLANG_ENABLE_OBJC_WEAK = YES;
				CLANG_WARN_BLOCK_CAPTURE_AUTORELEASING = YES;
				CLANG_WARN_BOOL_CONVERSION = YES;
				CLANG_WARN_COMMA = YES;
				CLANG_WARN_CONSTANT_CONVERSION = YES;
				CLANG_WARN_DEPRECATED_OBJC_IMPLEMENTATIONS = YES;
				CLANG_WARN_DIRECT_OBJC_ISA_USAGE = YES_ERROR;
				CLANG_WARN_DOCUMENTATION_COMMENTS = YES;
				CLANG_WARN_EMPTY_BODY = YES;
				CLANG_WARN_ENUM_CONVERSION = YES;
				CLANG_WARN_INFINITE_RECURSION = YES;
				CLANG_WARN_INT_CONVERSION = YES;
				CLANG_WARN_NON_LITERAL_NULL_CONVERSION = YES;
				CLANG_WARN_OBJC_IMPLICIT_RETAIN_SELF = YES;
				CLANG_WARN_OBJC_LITERAL_CONVERSION = YES;
				CLANG_WARN_OBJC_ROOT_CLASS = YES_ERROR;
				CLANG_WARN_RANGE_LOOP_ANALYSIS = YES;
				CLANG_WARN_STRICT_PROTOTYPES = YES;
				CLANG_WARN_SUSPICIOUS_MOVE = YES;
				CLANG_WARN_UNGUARDED_AVAILABILITY = YES_AGGRESSIVE;
				CLANG_WARN_UNREACHABLE_CODE = YES;
				CLANG_WARN__DUPLICATE_METHOD_MATCH = YES;
				CODE_SIGN_IDENTITY = "iPhone Developer";
				COPY_PHASE_STRIP = NO;
				DEBUG_INFORMATION_FORMAT = dwarf;
				ENABLE_STRICT_OBJC_MSGSEND = YES;
				ENABLE_TESTABILITY = YES;
				GCC_C_LANGUAGE_STANDARD = gnu11;
				GCC_DYNAMIC_NO_PIC = NO;
				GCC_NO_COMMON_BLOCKS = YES;
				GCC_OPTIMIZATION_LEVEL = 0;
				GCC_PREPROCESSOR_DEFINITIONS = (
					"DEBUG=1",
					"$(inherited)",
				);
				GCC_WARN_64_TO_32_BIT_CONVERSION = YES;
				GCC_WARN_ABOUT_RETURN_TYPE = YES_ERROR;
				GCC_WARN_UNDECLARED_SELECTOR = YES;
				GCC_WARN_UNINITIALIZED_AUTOS = YES_AGGRESSIVE;
				GCC_WARN_UNUSED_FUNCTION = YES;
				GCC_WARN_UNUSED_VARIABLE = YES;
				IPHONEOS_DEPLOYMENT_TARGET = 11.4;
				MTL_ENABLE_DEBUG_INFO = YES;
				ONLY_ACTIVE_ARCH = YES;
				SDKROOT = iphoneos;
			};
			name = Debug;
		};
		96DD2BE42136713F00CBED28 /* Release */ = {
			isa = XCBuildConfiguration;
			buildSettings = {
				ALWAYS_SEARCH_USER_PATHS = NO;
				CLANG_ANALYZER_NONNULL = YES;
				CLANG_ANALYZER_NUMBER_OBJECT_CONVERSION = YES_AGGRESSIVE;
				CLANG_CXX_LANGUAGE_STANDARD = "gnu++14";
				CLANG_CXX_LIBRARY = "libc++";
				CLANG_ENABLE_MODULES = YES;
				CLANG_ENABLE_OBJC_ARC = YES;
				CLANG_ENABLE_OBJC_WEAK = YES;
				CLANG_WARN_BLOCK_CAPTURE_AUTORELEASING = YES;
				CLANG_WARN_BOOL_CONVERSION = YES;
				CLANG_WARN_COMMA = YES;
				CLANG_WARN_CONSTANT_CONVERSION = YES;
				CLANG_WARN_DEPRECATED_OBJC_IMPLEMENTATIONS = YES;
				CLANG_WARN_DIRECT_OBJC_ISA_USAGE = YES_ERROR;
				CLANG_WARN_DOCUMENTATION_COMMENTS = YES;
				CLANG_WARN_EMPTY_BODY = YES;
				CLANG_WARN_ENUM_CONVERSION = YES;
				CLANG_WARN_INFINITE_RECURSION = YES;
				CLANG_WARN_INT_CONVERSION = YES;
				CLANG_WARN_NON_LITERAL_NULL_CONVERSION = YES;
				CLANG_WARN_OBJC_IMPLICIT_RETAIN_SELF = YES;
				CLANG_WARN_OBJC_LITERAL_CONVERSION = YES;
				CLANG_WARN_OBJC_ROOT_CLASS = YES_ERROR;
				CLANG_WARN_RANGE_LOOP_ANALYSIS = YES;
				CLANG_WARN_STRICT_PROTOTYPES = YES;
				CLANG_WARN_SUSPICIOUS_MOVE = YES;
				CLANG_WARN_UNGUARDED_AVAILABILITY = YES_AGGRESSIVE;
				CLANG_WARN_UNREACHABLE_CODE = YES;
				CLANG_WARN__DUPLICATE_METHOD_MATCH = YES;
				CODE_SIGN_IDENTITY = "iPhone Developer";
				COPY_PHASE_STRIP = NO;
				DEBUG_INFORMATION_FORMAT = "dwarf-with-dsym";
				ENABLE_NS_ASSERTIONS = NO;
				ENABLE_STRICT_OBJC_MSGSEND = YES;
				GCC_C_LANGUAGE_STANDARD = gnu11;
				GCC_NO_COMMON_BLOCKS = YES;
				GCC_WARN_64_TO_32_BIT_CONVERSION = YES;
				GCC_WARN_ABOUT_RETURN_TYPE = YES_ERROR;
				GCC_WARN_UNDECLARED_SELECTOR = YES;
				GCC_WARN_UNINITIALIZED_AUTOS = YES_AGGRESSIVE;
				GCC_WARN_UNUSED_FUNCTION = YES;
				GCC_WARN_UNUSED_VARIABLE = YES;
				IPHONEOS_DEPLOYMENT_TARGET = 11.4;
				MTL_ENABLE_DEBUG_INFO = NO;
				SDKROOT = iphoneos;
				VALIDATE_PRODUCT = YES;
			};
			name = Release;
		};
		96DD2BE62136713F00CBED28 /* Debug */ = {
			isa = XCBuildConfiguration;
			buildSettings = {
				ASSETCATALOG_COMPILER_APPICON_NAME = AppIcon;
				CODE_SIGN_STYLE = Automatic;
				DEVELOPMENT_TEAM = 65Y6W33WZW;
				INFOPLIST_FILE = alex_h_Example/Info.plist;
				LD_RUNPATH_SEARCH_PATHS = (
					"$(inherited)",
					"@executable_path/Frameworks",
				);
				PRODUCT_BUNDLE_IDENTIFIER = "XW.alex-h-Example";
				PRODUCT_NAME = "$(TARGET_NAME)";
				TARGETED_DEVICE_FAMILY = "1,2";
			};
			name = Debug;
		};
		96DD2BE72136713F00CBED28 /* Release */ = {
			isa = XCBuildConfiguration;
			buildSettings = {
				ASSETCATALOG_COMPILER_APPICON_NAME = AppIcon;
				CODE_SIGN_STYLE = Automatic;
				DEVELOPMENT_TEAM = 65Y6W33WZW;
				INFOPLIST_FILE = alex_h_Example/Info.plist;
				LD_RUNPATH_SEARCH_PATHS = (
					"$(inherited)",
					"@executable_path/Frameworks",
				);
				PRODUCT_BUNDLE_IDENTIFIER = "XW.alex-h-Example";
				PRODUCT_NAME = "$(TARGET_NAME)";
				TARGETED_DEVICE_FAMILY = "1,2";
			};
			name = Release;
		};
/* End XCBuildConfiguration section */

/* Begin XCConfigurationList section */
		96DD2BC72136713E00CBED28 /* Build configuration list for PBXProject "alex_h_Example" */ = {
			isa = XCConfigurationList;
			buildConfigurations = (
				96DD2BE32136713F00CBED28 /* Debug */,
				96DD2BE42136713F00CBED28 /* Release */,
			);
			defaultConfigurationIsVisible = 0;
			defaultConfigurationName = Release;
		};
		96DD2BE52136713F00CBED28 /* Build configuration list for PBXNativeTarget "alex_h_Example" */ = {
			isa = XCConfigurationList;
			buildConfigurations = (
				96DD2BE62136713F00CBED28 /* Debug */,
				96DD2BE72136713F00CBED28 /* Release */,
			);
			defaultConfigurationIsVisible = 0;
			defaultConfigurationName = Release;
		};
/* End XCConfigurationList section */

/* Begin XCVersionGroup section */
		96DD2BD82136713E00CBED28 /* alex_h_Example.xcdatamodeld */ = {
			isa = XCVersionGroup;
			children = (
				96DD2BD92136713E00CBED28 /* alex_h_Example.xcdatamodel */,
			);
			currentVersion = 96DD2BD92136713E00CBED28 /* alex_h_Example.xcdatamodel */;
			path = alex_h_Example.xcdatamodeld;
			sourceTree = "<group>";
			versionGroupType = wrapper.xcdatamodel;
		};
/* End XCVersionGroup section */
	};
	rootObject = 96DD2BC42136713E00CBED28 /* Project object */;
}
